
Microsoft Visual Studio Solution File, Format Version 12.00
# Visual Studio Version 17
VisualStudioVersion = 17.6.33815.320
MinimumVisualStudioVersion = 10.0.40219.1
Project("{FAE04EC0-301F-11D3-BF4B-00C04F79EFBC}") = "FlightPlanner", "FlightPlanner.csproj", "{C96F0A73-5842-4D29-9CD5-810826F25E2F}"
EndProject
Global
	GlobalSection(SolutionConfigurationPlatforms) = preSolution
		Debug|Any CPU = Debug|Any CPU
		Release|Any CPU = Release|Any CPU
	EndGlobalSection
	GlobalSection(ProjectConfigurationPlatforms) = postSolution
		{C96F0A73-5842-4D29-9CD5-810826F25E2F}.Debug|Any CPU.ActiveCfg = Debug|Any CPU
		{C96F0A73-5842-4D29-9CD5-810826F25E2F}.Debug|Any CPU.Build.0 = Debug|Any CPU
		{C96F0A73-5842-4D29-9CD5-810826F25E2F}.Release|Any CPU.ActiveCfg = Release|Any CPU
		{C96F0A73-5842-4D29-9CD5-810826F25E2F}.Release|Any CPU.Build.0 = Release|Any CPU
	EndGlobalSection
	GlobalSection(SolutionProperties) = preSolution
		HideSolutionNode = FALSE
	EndGlobalSection
	GlobalSection(ExtensibilityGlobals) = postSolution
		SolutionGuid = {7921A711-B588-471A-AAFF-E3C9A186C013}
	EndGlobalSection
EndGlobal
